
Microsoft Visual Studio Solution File, Format Version 12.00
# Visual Studio Version 16
VisualStudioVersion = 16.0.29709.97
MinimumVisualStudioVersion = 10.0.40219.1
Project("{2150E333-8FDC-42A3-9474-1A3956D46DE8}") = "0-Documentations", "0-Documentations", "{1CB33994-FCB6-453C-B9DF-929AFF1B38DE}"
	ProjectSection(SolutionItems) = preProject
		..\ITLightON.snk = ..\ITLightON.snk
		..\LICENSE = ..\LICENSE
		..\README.md = ..\README.md
	EndProjectSection
EndProject
Project("{2150E333-8FDC-42A3-9474-1A3956D46DE8}") = "1-Assets", "1-Assets", "{2088A967-EB2F-4591-AA1A-B5E09F6A9D9C}"
	ProjectSection(SolutionItems) = preProject
		Assets\Designer.ico = Assets\Designer.ico
		Assets\Message-Information.png = Assets\Message-Information.png
		Assets\Palette.png = Assets\Palette.png
	EndProjectSection
EndProject
Project("{9A19103F-16F7-4668-BE54-9A1E7A4F7556}") = "OopWinformsDesigner", "OopWinformsDesigner\OopWinformsDesigner.csproj", "{7422B0B4-014F-42F9-8855-C31573197B94}"
EndProject
Project("{2150E333-8FDC-42A3-9474-1A3956D46DE8}") = "2-Apis", "2-Apis", "{536BDBC3-AC4A-4A59-9E0E-BF1D01ABC474}"
EndProject
Project("{9A19103F-16F7-4668-BE54-9A1E7A4F7556}") = "OopDesigner", "OopDesigner\OopDesigner.csproj", "{99DB06A5-D01E-4318-9801-7A429FD648CA}"
EndProject
Project("{9A19103F-16F7-4668-BE54-9A1E7A4F7556}") = "OopTranslation", "OopTranslation\OopTranslation.csproj", "{4FB7C3E7-A75D-4142-B2A0-ED9423CFAC7D}"
EndProject
Project("{2150E333-8FDC-42A3-9474-1A3956D46DE8}") = "Analysis", "Analysis", "{13F776BB-0DED-4852-9236-E69DB492DEE5}"
	ProjectSection(SolutionItems) = preProject
		..\Analysis\Windows Forms Designer.docx = ..\Analysis\Windows Forms Designer.docx
	EndProjectSection
EndProject
Global
	GlobalSection(SolutionConfigurationPlatforms) = preSolution
		Debug|Any CPU = Debug|Any CPU
		Release|Any CPU = Release|Any CPU
	EndGlobalSection
	GlobalSection(ProjectConfigurationPlatforms) = postSolution
		{7422B0B4-014F-42F9-8855-C31573197B94}.Debug|Any CPU.ActiveCfg = Debug|Any CPU
		{7422B0B4-014F-42F9-8855-C31573197B94}.Debug|Any CPU.Build.0 = Debug|Any CPU
		{7422B0B4-014F-42F9-8855-C31573197B94}.Release|Any CPU.ActiveCfg = Release|Any CPU
		{7422B0B4-014F-42F9-8855-C31573197B94}.Release|Any CPU.Build.0 = Release|Any CPU
		{99DB06A5-D01E-4318-9801-7A429FD648CA}.Debug|Any CPU.ActiveCfg = Debug|Any CPU
		{99DB06A5-D01E-4318-9801-7A429FD648CA}.Debug|Any CPU.Build.0 = Debug|Any CPU
		{99DB06A5-D01E-4318-9801-7A429FD648CA}.Release|Any CPU.ActiveCfg = Release|Any CPU
		{99DB06A5-D01E-4318-9801-7A429FD648CA}.Release|Any CPU.Build.0 = Release|Any CPU
		{4FB7C3E7-A75D-4142-B2A0-ED9423CFAC7D}.Debug|Any CPU.ActiveCfg = Debug|Any CPU
		{4FB7C3E7-A75D-4142-B2A0-ED9423CFAC7D}.Debug|Any CPU.Build.0 = Debug|Any CPU
		{4FB7C3E7-A75D-4142-B2A0-ED9423CFAC7D}.Release|Any CPU.ActiveCfg = Release|Any CPU
		{4FB7C3E7-A75D-4142-B2A0-ED9423CFAC7D}.Release|Any CPU.Build.0 = Release|Any CPU
	EndGlobalSection
	GlobalSection(SolutionProperties) = preSolution
		HideSolutionNode = FALSE
	EndGlobalSection
	GlobalSection(NestedProjects) = preSolution
		{99DB06A5-D01E-4318-9801-7A429FD648CA} = {536BDBC3-AC4A-4A59-9E0E-BF1D01ABC474}
		{4FB7C3E7-A75D-4142-B2A0-ED9423CFAC7D} = {536BDBC3-AC4A-4A59-9E0E-BF1D01ABC474}
		{13F776BB-0DED-4852-9236-E69DB492DEE5} = {1CB33994-FCB6-453C-B9DF-929AFF1B38DE}
	EndGlobalSection
	GlobalSection(ExtensibilityGlobals) = postSolution
		SolutionGuid = {A2D15AA1-5A05-4367-9B20-BE518A2D3AB1}
		RESX_ConfirmAddLanguageFile = True
		RESX_AutoCreateNewLanguageFiles = True
	EndGlobalSection
EndGlobal
